{
    "version": 3,
    "terraform_version": "0.11.13",
    "serial": 15,
    "lineage": "c556ef6f-29c2-70ec-de94-c410589fc758",
    "modules": [
        {
            "path": [
                "root"
            ],
            "outputs": {},
            "resources": {
                "aws_instance.dotnetcoreapp": {
                    "type": "aws_instance",
                    "depends_on": [
                        "aws_key_pair.id_rsa"
                    ],
                    "primary": {
                        "id": "i-03dd2444a447202d0",
                        "attributes": {
                            "ami": "ami-13be557e",
                            "arn": "arn:aws:ec2:us-east-1:169935679199:instance/i-03dd2444a447202d0",
                            "associate_public_ip_address": "true",
                            "availability_zone": "us-east-1c",
                            "cpu_core_count": "1",
                            "cpu_threads_per_core": "1",
                            "credit_specification.#": "1",
                            "credit_specification.0.cpu_credits": "standard",
                            "disable_api_termination": "false",
                            "ebs_block_device.#": "0",
                            "ebs_optimized": "false",
                            "ephemeral_block_device.#": "0",
                            "get_password_data": "false",
                            "iam_instance_profile": "",
                            "id": "i-03dd2444a447202d0",
                            "instance_state": "running",
                            "instance_type": "t2.micro",
                            "ipv6_address_count": "0",
                            "ipv6_addresses.#": "0",
                            "key_name": "id_rsa",
                            "monitoring": "false",
                            "network_interface.#": "0",
                            "password_data": "",
                            "placement_group": "",
                            "primary_network_interface_id": "eni-015fac4869d3b1e45",
                            "private_dns": "ip-172-31-80-141.ec2.internal",
                            "private_ip": "172.31.80.141",
                            "public_dns": "ec2-3-84-163-166.compute-1.amazonaws.com",
                            "public_ip": "3.84.163.166",
                            "root_block_device.#": "1",
                            "root_block_device.0.delete_on_termination": "true",
                            "root_block_device.0.iops": "100",
                            "root_block_device.0.volume_id": "vol-03c2a0374f62f516f",
                            "root_block_device.0.volume_size": "8",
                            "root_block_device.0.volume_type": "gp2",
                            "security_groups.#": "1",
                            "security_groups.3814588639": "default",
                            "source_dest_check": "true",
                            "subnet_id": "subnet-a4a1518a",
                            "tags.%": "1",
                            "tags.Name": "dotnetcoreapp",
                            "tenancy": "default",
                            "volume_tags.%": "0",
                            "vpc_security_group_ids.#": "1",
                            "vpc_security_group_ids.3119437139": "sg-20599e68"
                        },
                        "meta": {
                            "e2bfb730-ecaa-11e6-8f88-34363bc7c4c0": {
                                "create": 600000000000,
                                "delete": 1200000000000,
                                "update": 600000000000
                            },
                            "schema_version": "1"
                        },
                        "tainted": true
                    },
                    "deposed": [],
                    "provider": "provider.aws"
                },
                "aws_key_pair.id_rsa": {
                    "type": "aws_key_pair",
                    "depends_on": [],
                    "primary": {
                        "id": "id_rsa",
                        "attributes": {
                            "fingerprint": "d9:75:a0:43:32:38:40:ba:2c:c3:cd:7d:bc:04:fa:dc",
                            "id": "id_rsa",
                            "key_name": "id_rsa",
                            "public_key": "ssh-rsa AAAAB3NzaC1yc2EAAAADAQABAAABAQC4zPWSauPYFGogdND+dtxIKXTxe+aE89TG6mlowmHJp7ew5o9MPk3YMgHdWDFmBbl4uSzvPY35P3qRap59CMVi1wxSRr5lSYb1aTIQcub+vO4K+JQ7daNa+Ta83DSAMj3y9uGbX4l+u2yyVzWpbq7GY1DwbQy6fFReniOBOuQZT5U7tyuFYCdf1laqqpNcqoGq/QVA20ZBjZceOg/VXgVqfeAmCF9VXy1ZCNjmNcNRMGQpG3nwlUTCTK0AfFzTftcDmaWE8oIVEO5ZTNC0lAQh7lkYUdKX5qv6NRznxDd3VEFVJ40WZqfgqbD0XN0VgCSiEibXtA6TB4xWhP6vqPSv kbux@kevins-macbook-pro.local"
                        },
                        "meta": {
                            "schema_version": "1"
                        },
                        "tainted": false
                    },
                    "deposed": [],
                    "provider": "provider.aws"
                }
            },
            "depends_on": []
        }
    ]
}
